
Microsoft Visual Studio Solution File, Format Version 12.00
# Visual Studio 2012
Project("{FAE04EC0-301F-11D3-BF4B-00C04F79EFBC}") = "DavuxLib2", "DavuxLib2\DavuxLib2.csproj", "{DE2A81EA-6848-4BAA-AAEE-68B8D778640E}"
EndProject
Global
	GlobalSection(SolutionConfigurationPlatforms) = preSolution
		Debug|Any CPU = Debug|Any CPU
		Debug|Mixed Platforms = Debug|Mixed Platforms
		Debug|x86 = Debug|x86
		Release|Any CPU = Release|Any CPU
		Release|Mixed Platforms = Release|Mixed Platforms
		Release|x86 = Release|x86
	EndGlobalSection
	GlobalSection(ProjectConfigurationPlatforms) = postSolution
		{DE2A81EA-6848-4BAA-AAEE-68B8D778640E}.Debug|Any CPU.ActiveCfg = Debug|Any CPU
		{DE2A81EA-6848-4BAA-AAEE-68B8D778640E}.Debug|Any CPU.Build.0 = Debug|Any CPU
		{DE2A81EA-6848-4BAA-AAEE-68B8D778640E}.Debug|Mixed Platforms.ActiveCfg = Debug|Any CPU
		{DE2A81EA-6848-4BAA-AAEE-68B8D778640E}.Debug|Mixed Platforms.Build.0 = Debug|Any CPU
		{DE2A81EA-6848-4BAA-AAEE-68B8D778640E}.Debug|x86.ActiveCfg = Debug|Any CPU
		{DE2A81EA-6848-4BAA-AAEE-68B8D778640E}.Release|Any CPU.ActiveCfg = Release|Any CPU
		{DE2A81EA-6848-4BAA-AAEE-68B8D778640E}.Release|Any CPU.Build.0 = Release|Any CPU
		{DE2A81EA-6848-4BAA-AAEE-68B8D778640E}.Release|Mixed Platforms.ActiveCfg = Release|Any CPU
		{DE2A81EA-6848-4BAA-AAEE-68B8D778640E}.Release|Mixed Platforms.Build.0 = Release|Any CPU
		{DE2A81EA-6848-4BAA-AAEE-68B8D778640E}.Release|x86.ActiveCfg = Release|Any CPU
	EndGlobalSection
	GlobalSection(SolutionProperties) = preSolution
		HideSolutionNode = FALSE
	EndGlobalSection
EndGlobal
